# THIS IS AN AUTOGENERATED FILE. DO NOT EDIT THIS FILE DIRECTLY.
# yarn lockfile v1


"@isaacs/cliui@^8.0.2":
  version "8.0.2"
  resolved "https://registry.yarnpkg.com/@isaacs/cliui/-/cliui-8.0.2.tgz#b37667b7bc181c168782259bab42474fbf52b550"
  dependencies:
    string-width "^5.1.2"
    string-width-cjs "npm:string-width@^4.2.0"
    strip-ansi "^7.0.1"
    strip-ansi-cjs "npm:strip-ansi@^6.0.1"
    wrap-ansi "^8.1.0"
    wrap-ansi-cjs "npm:wrap-ansi@^7.0.0"

"@one-ini/wasm@0.1.1":
  version "0.1.1"
  resolved "https://registry.yarnpkg.com/@one-ini/wasm/-/wasm-0.1.1.tgz#6013659736c9dbfccc96e8a9c2b3de317df39323"

"@pkgjs/parseargs@^0.11.0":
  version "0.11.0"
  resolved "https://registry.yarnpkg.com/@pkgjs/parseargs/-/parseargs-0.11.0.tgz#a77ea742fab25775145434eb1d2328cf5013ac33"

"@types/debug@^4.1.7":
  version "4.1.12"
  resolved "https://registry.yarnpkg.com/@types/debug/-/debug-4.1.12.tgz#a155f21690871953410df4b6b6f53187f0500917"
  dependencies:
    "@types/ms" "*"

"@types/graphql@0.12.6":
  version "0.12.6"
  resolved "https://registry.yarnpkg.com/@types/graphql/-/graphql-0.12.6.tgz#3d619198585fcabe5f4e1adfb5cf5f3388c66c13"

"@types/ms@*":
  version "0.7.34"
  resolved "https://registry.yarnpkg.com/@types/ms/-/ms-0.7.34.tgz#10964ba0dee6ac4cd462e2795b6bebd407303433"

"@types/node@*":
  version "10.5.2"
  resolved "https://registry.yarnpkg.com/@types/node/-/node-10.5.2.tgz#f19f05314d5421fe37e74153254201a7bf00a707"

"@types/validator@^13.7.1":
  version "13.11.9"
  resolved "https://registry.yarnpkg.com/@types/validator/-/validator-13.11.9.tgz#adfe96520b437a0eaa798a475877bf2f75ee402d"

abbrev@^2.0.0:
  version "2.0.0"
  resolved "https://registry.yarnpkg.com/abbrev/-/abbrev-2.0.0.tgz#cf59829b8b4f03f89dda2771cb7f3653828c89bf"

accepts@^1.3.0, accepts@~1.3.8:
  version "1.3.8"
  resolved "https://registry.yarnpkg.com/accepts/-/accepts-1.3.8.tgz#0bf0be125b67014adcb0b0921e62db7bffe16b2e"
  dependencies:
    mime-types "~2.1.34"
    negotiator "0.6.3"

ansi-regex@^5.0.1:
  version "5.0.1"
  resolved "https://registry.yarnpkg.com/ansi-regex/-/ansi-regex-5.0.1.tgz#082cb2c89c9fe8659a311a53bd6a4dc5301db304"

ansi-regex@^6.0.1:
  version "6.2.2"
  resolved "https://registry.yarnpkg.com/ansi-regex/-/ansi-regex-6.2.2.tgz#60216eea464d864597ce2832000738a0589650c1"

ansi-styles@^4.0.0:
  version "4.3.0"
  resolved "https://registry.yarnpkg.com/ansi-styles/-/ansi-styles-4.3.0.tgz#edd803628ae71c04c85ae7a0906edad34b648937"
  dependencies:
    color-convert "^2.0.1"

ansi-styles@^6.1.0:
  version "6.2.3"
  resolved "https://registry.yarnpkg.com/ansi-styles/-/ansi-styles-6.2.3.tgz#c044d5dcc521a076413472597a1acb1f103c4041"

apollo-link@1.2.2:
  version "1.2.2"
  resolved "https://registry.yarnpkg.com/apollo-link/-/apollo-link-1.2.2.tgz#54c84199b18ac1af8d63553a68ca389c05217a03"
  dependencies:
    "@types/graphql" "0.12.6"
    apollo-utilities "^1.0.0"
    zen-observable-ts "^0.8.9"

apollo-utilities@^1.0.0, apollo-utilities@^1.0.1:
  version "1.0.16"
  resolved "https://registry.yarnpkg.com/apollo-utilities/-/apollo-utilities-1.0.16.tgz#787310df4c3900a68c0beb3d351c59725a588cdb"
  dependencies:
    fast-json-stable-stringify "^2.0.0"

array-flatten@1.1.1:
  version "1.1.1"
  resolved "https://registry.yarnpkg.com/array-flatten/-/array-flatten-1.1.1.tgz#9a5f699051b1e7073328f2a008968b64ea2955d2"

at-least-node@^1.0.0:
  version "1.0.0"
  resolved "https://registry.yarnpkg.com/at-least-node/-/at-least-node-1.0.0.tgz#602cd4b46e844ad4effc92a8011a3c46e0238dc2"

balanced-match@^1.0.0:
  version "1.0.2"
  resolved "https://registry.yarnpkg.com/balanced-match/-/balanced-match-1.0.2.tgz#e83e3a7e3f300b34cb9d87f615fa0cbf357690ee"

bluebird@^3.7.2:
  version "3.7.2"
  resolved "https://registry.yarnpkg.com/bluebird/-/bluebird-3.7.2.tgz#9f229c15be272454ffa973ace0dbee79a1b0c36f"

body-parser@~1.20.3:
  version "1.20.4"
  resolved "https://registry.yarnpkg.com/body-parser/-/body-parser-1.20.4.tgz#f8e20f4d06ca8a50a71ed329c15dccad1cdc547f"
  dependencies:
    bytes "~3.1.2"
    content-type "~1.0.5"
    debug "2.6.9"
    depd "2.0.0"
    destroy "~1.2.0"
    http-errors "~2.0.1"
    iconv-lite "~0.4.24"
    on-finished "~2.4.1"
    qs "~6.14.0"
    raw-body "~2.5.3"
    type-is "~1.6.18"
    unpipe "~1.0.0"

brace-expansion@^2.0.1:
  version "2.0.2"
  resolved "https://registry.yarnpkg.com/brace-expansion/-/brace-expansion-2.0.2.tgz#54fc53237a613d854c7bd37463aad17df87214e7"
  dependencies:
    balanced-match "^1.0.0"

bytes@3.0.0:
  version "3.0.0"
  resolved "https://registry.yarnpkg.com/bytes/-/bytes-3.0.0.tgz#d32815404d689699f85a4ea4fa8755dd13a96048"

bytes@~3.1.2:
  version "3.1.2"
  resolved "https://registry.yarnpkg.com/bytes/-/bytes-3.1.2.tgz#8b0beeb98605adf1b128fa4386403c009e0221a5"

call-bind-apply-helpers@^1.0.1, call-bind-apply-helpers@^1.0.2:
  version "1.0.2"
  resolved "https://registry.yarnpkg.com/call-bind-apply-helpers/-/call-bind-apply-helpers-1.0.2.tgz#4b5428c222be985d79c3d82657479dbe0b59b2d6"
  dependencies:
    es-errors "^1.3.0"
    function-bind "^1.1.2"

call-bound@^1.0.2:
  version "1.0.4"
  resolved "https://registry.yarnpkg.com/call-bound/-/call-bound-1.0.4.tgz#238de935d2a2a692928c538c7ccfa91067fd062a"
  dependencies:
    call-bind-apply-helpers "^1.0.2"
    get-intrinsic "^1.3.0"

cliui@^7.0.2:
  version "7.0.4"
  resolved "https://registry.yarnpkg.com/cliui/-/cliui-7.0.4.tgz#a0265ee655476fc807aea9df3df8df7783808b4f"
  dependencies:
    string-width "^4.2.0"
    strip-ansi "^6.0.0"
    wrap-ansi "^7.0.0"

color-convert@^2.0.1:
  version "2.0.1"
  resolved "https://registry.yarnpkg.com/color-convert/-/color-convert-2.0.1.tgz#72d3a68d598c9bdb3af2ad1e84f21d896abd4de3"
  dependencies:
    color-name "~1.1.4"

color-name@~1.1.4:
  version "1.1.4"
  resolved "https://registry.yarnpkg.com/color-name/-/color-name-1.1.4.tgz#c2a09a87acbde69543de6f63fa3995c826c536a2"

commander@^10.0.0:
  version "10.0.1"
  resolved "https://registry.yarnpkg.com/commander/-/commander-10.0.1.tgz#881ee46b4f77d1c1dccc5823433aa39b022cbe06"

config-chain@^1.1.13:
  version "1.1.13"
  resolved "https://registry.yarnpkg.com/config-chain/-/config-chain-1.1.13.tgz#fad0795aa6a6cdaff9ed1b68e9dff94372c232f4"
  dependencies:
    ini "^1.3.4"
    proto-list "~1.2.1"

content-disposition@~0.5.4:
  version "0.5.4"
  resolved "https://registry.yarnpkg.com/content-disposition/-/content-disposition-0.5.4.tgz#8b82b4efac82512a02bb0b1dcec9d2c5e8eb5bfe"
  dependencies:
    safe-buffer "5.2.1"

content-type@^1.0.4, content-type@~1.0.4, content-type@~1.0.5:
  version "1.0.5"
  resolved "https://registry.yarnpkg.com/content-type/-/content-type-1.0.5.tgz#8b773162656d1d1086784c8f23a54ce6d73d7918"

cookie-signature@~1.0.6:
  version "1.0.7"
  resolved "https://registry.yarnpkg.com/cookie-signature/-/cookie-signature-1.0.7.tgz#ab5dd7ab757c54e60f37ef6550f481c426d10454"

cookie@~0.7.1:
  version "0.7.2"
  resolved "https://registry.yarnpkg.com/cookie/-/cookie-0.7.2.tgz#556369c472a2ba910f2979891b526b3436237ed7"

cross-spawn@^7.0.6:
  version "7.0.6"
  resolved "https://registry.yarnpkg.com/cross-spawn/-/cross-spawn-7.0.6.tgz#8a58fe78f00dcd70c370451759dfbfaf03e8ee9f"
  dependencies:
    path-key "^3.1.0"
    shebang-command "^2.0.0"
    which "^2.0.1"

debug@2.6.9:
  version "2.6.9"
  resolved "https://registry.yarnpkg.com/debug/-/debug-2.6.9.tgz#5d128515df134ff327e90a4c93f4e077a536341f"
  dependencies:
    ms "2.0.0"

debug@^4.3.3:
  version "4.3.4"
  resolved "https://registry.yarnpkg.com/debug/-/debug-4.3.4.tgz#1319f6579357f2338d3337d2cdd4914bb5dcc865"
  dependencies:
    ms "2.1.2"

denque@^2.1.0:
  version "2.1.0"
  resolved "https://registry.yarnpkg.com/denque/-/denque-2.1.0.tgz#e93e1a6569fb5e66f16a3c2a2964617d349d6ab1"

depd@2.0.0, depd@~2.0.0:
  version "2.0.0"
  resolved "https://registry.yarnpkg.com/depd/-/depd-2.0.0.tgz#b696163cc757560d09cf22cc8fad1571b79e76df"

depd@~1.1.2:
  version "1.1.2"
  resolved "https://registry.yarnpkg.com/depd/-/depd-1.1.2.tgz#9bcd52e14c097763e749b274c4346ed2e560b5a9"

deprecated-decorator@^0.1.6:
  version "0.1.6"
  resolved "https://registry.yarnpkg.com/deprecated-decorator/-/deprecated-decorator-0.1.6.tgz#00966317b7a12fe92f3cc831f7583af329b86c37"

destroy@1.2.0, destroy@~1.2.0:
  version "1.2.0"
  resolved "https://registry.yarnpkg.com/destroy/-/destroy-1.2.0.tgz#4803735509ad8be552934c67df614f94e66fa015"

dottie@^2.0.2:
  version "2.0.6"
  resolved "https://registry.yarnpkg.com/dottie/-/dottie-2.0.6.tgz#34564ebfc6ec5e5772272d466424ad5b696484d4"

dunder-proto@^1.0.1:
  version "1.0.1"
  resolved "https://registry.yarnpkg.com/dunder-proto/-/dunder-proto-1.0.1.tgz#d7ae667e1dc83482f8b70fd0f6eefc50da30f58a"
  dependencies:
    call-bind-apply-helpers "^1.0.1"
    es-errors "^1.3.0"
    gopd "^1.2.0"

eastasianwidth@^0.2.0:
  version "0.2.0"
  resolved "https://registry.yarnpkg.com/eastasianwidth/-/eastasianwidth-0.2.0.tgz#696ce2ec0aa0e6ea93a397ffcf24aa7840c827cb"

editorconfig@^1.0.4:
  version "1.0.4"
  resolved "https://registry.yarnpkg.com/editorconfig/-/editorconfig-1.0.4.tgz#040c9a8e9a6c5288388b87c2db07028aa89f53a3"
  dependencies:
    "@one-ini/wasm" "0.1.1"
    commander "^10.0.0"
    minimatch "9.0.1"
    semver "^7.5.3"

ee-first@1.1.1:
  version "1.1.1"
  resolved "https://registry.yarnpkg.com/ee-first/-/ee-first-1.1.1.tgz#590c61156b0ae2f4f0255732a158b266bc56b21d"

emoji-regex@^8.0.0:
  version "8.0.0"
  resolved "https://registry.yarnpkg.com/emoji-regex/-/emoji-regex-8.0.0.tgz#e818fd69ce5ccfcb404594f842963bf53164cc37"

emoji-regex@^9.2.2:
  version "9.2.2"
  resolved "https://registry.yarnpkg.com/emoji-regex/-/emoji-regex-9.2.2.tgz#840c8803b0d8047f4ff0cf963176b32d4ef3ed72"

encodeurl@~1.0.2:
  version "1.0.2"
  resolved "https://registry.yarnpkg.com/encodeurl/-/encodeurl-1.0.2.tgz#ad3ff4c86ec2d029322f5a02c3a9a606c95b3f59"

encodeurl@~2.0.0:
  version "2.0.0"
  resolved "https://registry.yarnpkg.com/encodeurl/-/encodeurl-2.0.0.tgz#7b8ea898077d7e409d3ac45474ea38eaf0857a58"

es-define-property@^1.0.1:
  version "1.0.1"
  resolved "https://registry.yarnpkg.com/es-define-property/-/es-define-property-1.0.1.tgz#983eb2f9a6724e9303f61addf011c72e09e0b0fa"

es-errors@^1.3.0:
  version "1.3.0"
  resolved "https://registry.yarnpkg.com/es-errors/-/es-errors-1.3.0.tgz#05f75a25dab98e4fb1dcd5e1472c0546d5057c8f"

es-object-atoms@^1.0.0, es-object-atoms@^1.1.1:
  version "1.1.1"
  resolved "https://registry.yarnpkg.com/es-object-atoms/-/es-object-atoms-1.1.1.tgz#1c4f2c4837327597ce69d2ca190a7fdd172338c1"
  dependencies:
    es-errors "^1.3.0"

escalade@^3.1.1:
  version "3.2.0"
  resolved "https://registry.yarnpkg.com/escalade/-/escalade-3.2.0.tgz#011a3f69856ba189dffa7dc8fcce99d2a87903e5"

escape-html@~1.0.3:
  version "1.0.3"
  resolved "https://registry.yarnpkg.com/escape-html/-/escape-html-1.0.3.tgz#0258eae4d3d0c0974de1c169188ef0051d1d1988"

etag@~1.8.1:
  version "1.8.1"
  resolved "https://registry.yarnpkg.com/etag/-/etag-1.8.1.tgz#41ae2eeb65efa62268aebfea83ac7d79299b0887"

express-graphql@^0.6.12:
  version "0.6.12"
  resolved "https://registry.yarnpkg.com/express-graphql/-/express-graphql-0.6.12.tgz#dfcb2058ca72ed5190b140830ad8cdbf76a9128a"
  dependencies:
    accepts "^1.3.0"
    content-type "^1.0.4"
    http-errors "^1.3.0"
    raw-body "^2.3.2"

express@^4.22.1:
  version "4.22.1"
  resolved "https://registry.yarnpkg.com/express/-/express-4.22.1.tgz#1de23a09745a4fffdb39247b344bb5eaff382069"
  dependencies:
    accepts "~1.3.8"
    array-flatten "1.1.1"
    body-parser "~1.20.3"
    content-disposition "~0.5.4"
    content-type "~1.0.4"
    cookie "~0.7.1"
    cookie-signature "~1.0.6"
    debug "2.6.9"
    depd "2.0.0"
    encodeurl "~2.0.0"
    escape-html "~1.0.3"
    etag "~1.8.1"
    finalhandler "~1.3.1"
    fresh "~0.5.2"
    http-errors "~2.0.0"
    merge-descriptors "1.0.3"
    methods "~1.1.2"
    on-finished "~2.4.1"
    parseurl "~1.3.3"
    path-to-regexp "~0.1.12"
    proxy-addr "~2.0.7"
    qs "~6.14.0"
    range-parser "~1.2.1"
    safe-buffer "5.2.1"
    send "~0.19.0"
    serve-static "~1.16.2"
    setprototypeof "1.2.0"
    statuses "~2.0.1"
    type-is "~1.6.18"
    utils-merge "1.0.1"
    vary "~1.1.2"

fast-json-stable-stringify@^2.0.0:
  version "2.0.0"
  resolved "https://registry.yarnpkg.com/fast-json-stable-stringify/-/fast-json-stable-stringify-2.0.0.tgz#d5142c0caee6b1189f87d3a76111064f86c8bbf2"

finalhandler@~1.3.1:
  version "1.3.2"
  resolved "https://registry.yarnpkg.com/finalhandler/-/finalhandler-1.3.2.tgz#1ebc2228fc7673aac4a472c310cc05b77d852b88"
  dependencies:
    debug "2.6.9"
    encodeurl "~2.0.0"
    escape-html "~1.0.3"
    on-finished "~2.4.1"
    parseurl "~1.3.3"
    statuses "~2.0.2"
    unpipe "~1.0.0"

foreground-child@^3.1.0:
  version "3.3.1"
  resolved "https://registry.yarnpkg.com/foreground-child/-/foreground-child-3.3.1.tgz#32e8e9ed1b68a3497befb9ac2b6adf92a638576f"
  dependencies:
    cross-spawn "^7.0.6"
    signal-exit "^4.0.1"

forwarded@0.2.0:
  version "0.2.0"
  resolved "https://registry.yarnpkg.com/forwarded/-/forwarded-0.2.0.tgz#2269936428aad4c15c7ebe9779a84bf0b2a81811"

fresh@0.5.2, fresh@~0.5.2:
  version "0.5.2"
  resolved "https://registry.yarnpkg.com/fresh/-/fresh-0.5.2.tgz#3d8cadd90d976569fa835ab1f8e4b23a105605a7"

fs-extra@^9.1.0:
  version "9.1.0"
  resolved "https://registry.yarnpkg.com/fs-extra/-/fs-extra-9.1.0.tgz#5954460c764a8da2094ba3554bf839e6b9a7c86d"
  dependencies:
    at-least-node "^1.0.0"
    graceful-fs "^4.2.0"
    jsonfile "^6.0.1"
    universalify "^2.0.0"

function-bind@^1.1.2:
  version "1.1.2"
  resolved "https://registry.yarnpkg.com/function-bind/-/function-bind-1.1.2.tgz#2c02d864d97f3ea6c8830c464cbd11ab6eab7a1c"

generate-function@^2.3.1:
  version "2.3.1"
  resolved "https://registry.yarnpkg.com/generate-function/-/generate-function-2.3.1.tgz#f069617690c10c868e73b8465746764f97c3479f"
  dependencies:
    is-property "^1.0.2"

get-caller-file@^2.0.5:
  version "2.0.5"
  resolved "https://registry.yarnpkg.com/get-caller-file/-/get-caller-file-2.0.5.tgz#4f94412a82db32f36e3b0b9741f8a97feb031f7e"

get-intrinsic@^1.2.5, get-intrinsic@^1.3.0:
  version "1.3.0"
  resolved "https://registry.yarnpkg.com/get-intrinsic/-/get-intrinsic-1.3.0.tgz#743f0e3b6964a93a5491ed1bffaae054d7f98d01"
  dependencies:
    call-bind-apply-helpers "^1.0.2"
    es-define-property "^1.0.1"
    es-errors "^1.3.0"
    es-object-atoms "^1.1.1"
    function-bind "^1.1.2"
    get-proto "^1.0.1"
    gopd "^1.2.0"
    has-symbols "^1.1.0"
    hasown "^2.0.2"
    math-intrinsics "^1.1.0"

get-proto@^1.0.1:
  version "1.0.1"
  resolved "https://registry.yarnpkg.com/get-proto/-/get-proto-1.0.1.tgz#150b3f2743869ef3e851ec0c49d15b1d14d00ee1"
  dependencies:
    dunder-proto "^1.0.1"
    es-object-atoms "^1.0.0"

glob@^10.4.2:
  version "10.5.0"
  resolved "https://registry.yarnpkg.com/glob/-/glob-10.5.0.tgz#8ec0355919cd3338c28428a23d4f24ecc5fe738c"
  dependencies:
    foreground-child "^3.1.0"
    jackspeak "^3.1.2"
    minimatch "^9.0.4"
    minipass "^7.1.2"
    package-json-from-dist "^1.0.0"
    path-scurry "^1.11.1"

gopd@^1.2.0:
  version "1.2.0"
  resolved "https://registry.yarnpkg.com/gopd/-/gopd-1.2.0.tgz#89f56b8217bdbc8802bd299df6d7f1081d7e51a1"

graceful-fs@^4.1.6:
  version "4.1.11"
  resolved "https://registry.yarnpkg.com/graceful-fs/-/graceful-fs-4.1.11.tgz#0e8bdfe4d1ddb8854d64e04ea7c00e2a026e5658"

graceful-fs@^4.2.0:
  version "4.2.11"
  resolved "https://registry.yarnpkg.com/graceful-fs/-/graceful-fs-4.2.11.tgz#4183e4e8bf08bb6e05bbb2f7d2e0c8f712ca40e3"

graphql-tools@^3.0.5:
  version "3.0.5"
  resolved "https://registry.yarnpkg.com/graphql-tools/-/graphql-tools-3.0.5.tgz#544542dbf2fddc8c3d7d654965285a3bc747b10b"
  dependencies:
    apollo-link "1.2.2"
    apollo-utilities "^1.0.1"
    deprecated-decorator "^0.1.6"
    iterall "^1.1.3"
    uuid "^3.1.0"

graphql@^0.13.2:
  version "0.13.2"
  resolved "https://registry.yarnpkg.com/graphql/-/graphql-0.13.2.tgz#4c740ae3c222823e7004096f832e7b93b2108270"
  dependencies:
    iterall "^1.2.1"

has-symbols@^1.1.0:
  version "1.1.0"
  resolved "https://registry.yarnpkg.com/has-symbols/-/has-symbols-1.1.0.tgz#fc9c6a783a084951d0b971fe1018de813707a338"

hasown@^2.0.2:
  version "2.0.2"
  resolved "https://registry.yarnpkg.com/hasown/-/hasown-2.0.2.tgz#003eaf91be7adc372e84ec59dc37252cedb80003"
  dependencies:
    function-bind "^1.1.2"

http-errors@1.6.3, http-errors@^1.3.0:
  version "1.6.3"
  resolved "https://registry.yarnpkg.com/http-errors/-/http-errors-1.6.3.tgz#8b55680bb4be283a0b5bf4ea2e38580be1d9320d"
  dependencies:
    depd "~1.1.2"
    inherits "2.0.3"
    setprototypeof "1.1.0"
    statuses ">= 1.4.0 < 2"

http-errors@2.0.0:
  version "2.0.0"
  resolved "https://registry.yarnpkg.com/http-errors/-/http-errors-2.0.0.tgz#b7774a1486ef73cf7667ac9ae0858c012c57b9d3"
  dependencies:
    depd "2.0.0"
    inherits "2.0.4"
    setprototypeof "1.2.0"
    statuses "2.0.1"
    toidentifier "1.0.1"

http-errors@~2.0.0, http-errors@~2.0.1:
  version "2.0.1"
  resolved "https://registry.yarnpkg.com/http-errors/-/http-errors-2.0.1.tgz#36d2f65bc909c8790018dd36fb4d93da6caae06b"
  dependencies:
    depd "~2.0.0"
    inherits "~2.0.4"
    setprototypeof "~1.2.0"
    statuses "~2.0.2"
    toidentifier "~1.0.1"

iconv-lite@0.4.23:
  version "0.4.23"
  resolved "https://registry.yarnpkg.com/iconv-lite/-/iconv-lite-0.4.23.tgz#297871f63be507adcfbfca715d0cd0eed84e9a63"
  dependencies:
    safer-buffer ">= 2.1.2 < 3"

iconv-lite@^0.6.3:
  version "0.6.3"
  resolved "https://registry.yarnpkg.com/iconv-lite/-/iconv-lite-0.6.3.tgz#a52f80bf38da1952eb5c681790719871a1a72501"
  dependencies:
    safer-buffer ">= 2.1.2 < 3.0.0"

iconv-lite@~0.4.24:
  version "0.4.24"
  resolved "https://registry.yarnpkg.com/iconv-lite/-/iconv-lite-0.4.24.tgz#2022b4b25fbddc21d2f524974a474aafe733908b"
  dependencies:
    safer-buffer ">= 2.1.2 < 3"

inflection@^1.13.2:
  version "1.13.4"
  resolved "https://registry.yarnpkg.com/inflection/-/inflection-1.13.4.tgz#65aa696c4e2da6225b148d7a154c449366633a32"

inherits@2.0.3:
  version "2.0.3"
  resolved "https://registry.yarnpkg.com/inherits/-/inherits-2.0.3.tgz#633c2c83e3da42a502f52466022480f4208261de"

inherits@2.0.4, inherits@~2.0.4:
  version "2.0.4"
  resolved "https://registry.yarnpkg.com/inherits/-/inherits-2.0.4.tgz#0fa2c64f932917c3433a0ded55363aae37416b7c"

ini@^1.3.4:
  version "1.3.5"
  resolved "https://registry.yarnpkg.com/ini/-/ini-1.3.5.tgz#eee25f56db1c9ec6085e0c22778083f596abf927"

ipaddr.js@1.9.1:
  version "1.9.1"
  resolved "https://registry.yarnpkg.com/ipaddr.js/-/ipaddr.js-1.9.1.tgz#bff38543eeb8984825079ff3a2a8e6cbd46781b3"

is-core-module@^2.16.1:
  version "2.16.1"
  resolved "https://registry.yarnpkg.com/is-core-module/-/is-core-module-2.16.1.tgz#2a98801a849f43e2add644fbb6bc6229b19a4ef4"
  dependencies:
    hasown "^2.0.2"

is-fullwidth-code-point@^3.0.0:
  version "3.0.0"
  resolved "https://registry.yarnpkg.com/is-fullwidth-code-point/-/is-fullwidth-code-point-3.0.0.tgz#f116f8064fe90b3f7844a38997c0b75051269f1d"

is-property@^1.0.2:
  version "1.0.2"
  resolved "https://registry.yarnpkg.com/is-property/-/is-property-1.0.2.tgz#57fe1c4e48474edd65b09911f26b1cd4095dda84"

isexe@^2.0.0:
  version "2.0.0"
  resolved "https://registry.yarnpkg.com/isexe/-/isexe-2.0.0.tgz#e8fbf374dc556ff8947a10dcb0572d633f2cfa10"

iterall@^1.1.3, iterall@^1.2.1:
  version "1.2.2"
  resolved "https://registry.yarnpkg.com/iterall/-/iterall-1.2.2.tgz#92d70deb8028e0c39ff3164fdbf4d8b088130cd7"

jackspeak@^3.1.2:
  version "3.4.3"
  resolved "https://registry.yarnpkg.com/jackspeak/-/jackspeak-3.4.3.tgz#8833a9d89ab4acde6188942bd1c53b6390ed5a8a"
  dependencies:
    "@isaacs/cliui" "^8.0.2"
  optionalDependencies:
    "@pkgjs/parseargs" "^0.11.0"

js-beautify@1.15.4:
  version "1.15.4"
  resolved "https://registry.yarnpkg.com/js-beautify/-/js-beautify-1.15.4.tgz#f579f977ed4c930cef73af8f98f3f0a608acd51e"
  dependencies:
    config-chain "^1.1.13"
    editorconfig "^1.0.4"
    glob "^10.4.2"
    js-cookie "^3.0.5"
    nopt "^7.2.1"

js-cookie@^3.0.5:
  version "3.0.5"
  resolved "https://registry.yarnpkg.com/js-cookie/-/js-cookie-3.0.5.tgz#0b7e2fd0c01552c58ba86e0841f94dc2557dcdbc"

jsonfile@^6.0.1:
  version "6.2.0"
  resolved "https://registry.yarnpkg.com/jsonfile/-/jsonfile-6.2.0.tgz#7c265bd1b65de6977478300087c99f1c84383f62"
  dependencies:
    universalify "^2.0.0"
  optionalDependencies:
    graceful-fs "^4.1.6"

lodash@^4.17.21:
  version "4.17.21"
  resolved "https://registry.yarnpkg.com/lodash/-/lodash-4.17.21.tgz#679591c564c3bffaae8454cf0b3df370c3d6911c"

long@^5.2.1:
  version "5.2.3"
  resolved "https://registry.yarnpkg.com/long/-/long-5.2.3.tgz#a3ba97f3877cf1d778eccbcb048525ebb77499e1"

lru-cache@^10.2.0:
  version "10.4.3"
  resolved "https://registry.yarnpkg.com/lru-cache/-/lru-cache-10.4.3.tgz#410fc8a17b70e598013df257c2446b7f3383f119"

lru-cache@^7.14.1:
  version "7.18.3"
  resolved "https://registry.yarnpkg.com/lru-cache/-/lru-cache-7.18.3.tgz#f793896e0fd0e954a59dfdd82f0773808df6aa89"

lru-cache@^8.0.0:
  version "8.0.5"
  resolved "https://registry.yarnpkg.com/lru-cache/-/lru-cache-8.0.5.tgz#983fe337f3e176667f8e567cfcce7cb064ea214e"

math-intrinsics@^1.1.0:
  version "1.1.0"
  resolved "https://registry.yarnpkg.com/math-intrinsics/-/math-intrinsics-1.1.0.tgz#a0dd74be81e2aa5c2f27e65ce283605ee4e2b7f9"

media-typer@0.3.0:
  version "0.3.0"
  resolved "https://registry.yarnpkg.com/media-typer/-/media-typer-0.3.0.tgz#8710d7af0aa626f8fffa1ce00168545263255748"

merge-descriptors@1.0.3:
  version "1.0.3"
  resolved "https://registry.yarnpkg.com/merge-descriptors/-/merge-descriptors-1.0.3.tgz#d80319a65f3c7935351e5cfdac8f9318504dbed5"

methods@~1.1.2:
  version "1.1.2"
  resolved "https://registry.yarnpkg.com/methods/-/methods-1.1.2.tgz#5529a4d67654134edcc5266656835b0f851afcee"

mime-db@1.52.0:
  version "1.52.0"
  resolved "https://registry.yarnpkg.com/mime-db/-/mime-db-1.52.0.tgz#bbabcdc02859f4987301c856e3387ce5ec43bf70"

mime-types@~2.1.24, mime-types@~2.1.34:
  version "2.1.35"
  resolved "https://registry.yarnpkg.com/mime-types/-/mime-types-2.1.35.tgz#381a871b62a734450660ae3deee44813f70d959a"
  dependencies:
    mime-db "1.52.0"

mime@1.6.0:
  version "1.6.0"
  resolved "https://registry.yarnpkg.com/mime/-/mime-1.6.0.tgz#32cd9e5c64553bd58d19a568af452acff04981b1"

minimatch@9.0.1:
  version "9.0.1"
  resolved "https://registry.yarnpkg.com/minimatch/-/minimatch-9.0.1.tgz#8a555f541cf976c622daf078bb28f29fb927c253"
  dependencies:
    brace-expansion "^2.0.1"

minimatch@^9.0.4:
  version "9.0.5"
  resolved "https://registry.yarnpkg.com/minimatch/-/minimatch-9.0.5.tgz#d74f9dd6b57d83d8e98cfb82133b03978bc929e5"
  dependencies:
    brace-expansion "^2.0.1"

"minipass@^5.0.0 || ^6.0.2 || ^7.0.0", minipass@^7.1.2:
  version "7.1.2"
  resolved "https://registry.yarnpkg.com/minipass/-/minipass-7.1.2.tgz#93a9626ce5e5e66bd4db86849e7515e92340a707"

moment-timezone@^0.5.35:
  version "0.5.45"
  resolved "https://registry.yarnpkg.com/moment-timezone/-/moment-timezone-0.5.45.tgz#cb685acd56bac10e69d93c536366eb65aa6bcf5c"
  dependencies:
    moment "^2.29.4"

moment@^2.29.1, moment@^2.29.4:
  version "2.30.1"
  resolved "https://registry.yarnpkg.com/moment/-/moment-2.30.1.tgz#f8c91c07b7a786e30c59926df530b4eac96974ae"

ms@2.0.0:
  version "2.0.0"
  resolved "https://registry.yarnpkg.com/ms/-/ms-2.0.0.tgz#5608aeadfc00be6c2901df5f9861788de0d597c8"

ms@2.1.2:
  version "2.1.2"
  resolved "https://registry.yarnpkg.com/ms/-/ms-2.1.2.tgz#d09d1f357b443f493382a8eb3ccd183872ae6009"

ms@2.1.3:
  version "2.1.3"
  resolved "https://registry.yarnpkg.com/ms/-/ms-2.1.3.tgz#574c8138ce1d2b5861f0b44579dbadd60c6615b2"

mysql2@^3.9.8:
  version "3.9.8"
  resolved "https://registry.yarnpkg.com/mysql2/-/mysql2-3.9.8.tgz#fe8a0f975f2c495ed76ca988ddc5505801dc49ce"
  dependencies:
    denque "^2.1.0"
    generate-function "^2.3.1"
    iconv-lite "^0.6.3"
    long "^5.2.1"
    lru-cache "^8.0.0"
    named-placeholders "^1.1.3"
    seq-queue "^0.0.5"
    sqlstring "^2.3.2"

named-placeholders@^1.1.3:
  version "1.1.3"
  resolved "https://registry.yarnpkg.com/named-placeholders/-/named-placeholders-1.1.3.tgz#df595799a36654da55dda6152ba7a137ad1d9351"
  dependencies:
    lru-cache "^7.14.1"

negotiator@0.6.3:
  version "0.6.3"
  resolved "https://registry.yarnpkg.com/negotiator/-/negotiator-0.6.3.tgz#58e323a72fedc0d6f9cd4d31fe49f51479590ccd"

nopt@^7.2.1:
  version "7.2.1"
  resolved "https://registry.yarnpkg.com/nopt/-/nopt-7.2.1.tgz#1cac0eab9b8e97c9093338446eddd40b2c8ca1e7"
  dependencies:
    abbrev "^2.0.0"

object-inspect@^1.13.3:
  version "1.13.4"
  resolved "https://registry.yarnpkg.com/object-inspect/-/object-inspect-1.13.4.tgz#8375265e21bc20d0fa582c22e1b13485d6e00213"

on-finished@2.4.1, on-finished@~2.4.1:
  version "2.4.1"
  resolved "https://registry.yarnpkg.com/on-finished/-/on-finished-2.4.1.tgz#58c8c44116e54845ad57f14ab10b03533184ac3f"
  dependencies:
    ee-first "1.1.1"

package-json-from-dist@^1.0.0:
  version "1.0.1"
  resolved "https://registry.yarnpkg.com/package-json-from-dist/-/package-json-from-dist-1.0.1.tgz#4f1471a010827a86f94cfd9b0727e36d267de505"

parseurl@~1.3.3:
  version "1.3.3"
  resolved "https://registry.yarnpkg.com/parseurl/-/parseurl-1.3.3.tgz#9da19e7bee8d12dff0513ed5b76957793bc2e8d4"

path-key@^3.1.0:
  version "3.1.1"
  resolved "https://registry.yarnpkg.com/path-key/-/path-key-3.1.1.tgz#581f6ade658cbba65a0d3380de7753295054f375"

path-parse@^1.0.7:
  version "1.0.7"
  resolved "https://registry.yarnpkg.com/path-parse/-/path-parse-1.0.7.tgz#fbc114b60ca42b30d9daf5858e4bd68bbedb6735"

path-scurry@^1.11.1:
  version "1.11.1"
  resolved "https://registry.yarnpkg.com/path-scurry/-/path-scurry-1.11.1.tgz#7960a668888594a0720b12a911d1a742ab9f11d2"
  dependencies:
    lru-cache "^10.2.0"
    minipass "^5.0.0 || ^6.0.2 || ^7.0.0"

path-to-regexp@~0.1.12:
  version "0.1.12"
  resolved "https://registry.yarnpkg.com/path-to-regexp/-/path-to-regexp-0.1.12.tgz#d5e1a12e478a976d432ef3c58d534b9923164bb7"

pg-connection-string@^2.5.0:
  version "2.6.4"
  resolved "https://registry.yarnpkg.com/pg-connection-string/-/pg-connection-string-2.6.4.tgz#f543862adfa49fa4e14bc8a8892d2a84d754246d"

picocolors@^1.1.1:
  version "1.1.1"
  resolved "https://registry.yarnpkg.com/picocolors/-/picocolors-1.1.1.tgz#3d321af3eab939b083c8f929a1d12cda81c26b6b"

proto-list@~1.2.1:
  version "1.2.4"
  resolved "https://registry.yarnpkg.com/proto-list/-/proto-list-1.2.4.tgz#212d5bfe1318306a420f6402b8e26ff39647a849"

proxy-addr@~2.0.7:
  version "2.0.7"
  resolved "https://registry.yarnpkg.com/proxy-addr/-/proxy-addr-2.0.7.tgz#f19fe69ceab311eeb94b42e70e8c2070f9ba1025"
  dependencies:
    forwarded "0.2.0"
    ipaddr.js "1.9.1"

qs@~6.14.0:
  version "6.14.0"
  resolved "https://registry.yarnpkg.com/qs/-/qs-6.14.0.tgz#c63fa40680d2c5c941412a0e899c89af60c0a930"
  dependencies:
    side-channel "^1.1.0"

range-parser@~1.2.1:
  version "1.2.1"
  resolved "https://registry.yarnpkg.com/range-parser/-/range-parser-1.2.1.tgz#3cf37023d199e1c24d1a55b84800c2f3e6468031"

raw-body@^2.3.2:
  version "2.3.3"
  resolved "https://registry.yarnpkg.com/raw-body/-/raw-body-2.3.3.tgz#1b324ece6b5706e153855bc1148c65bb7f6ea0c3"
  dependencies:
    bytes "3.0.0"
    http-errors "1.6.3"
    iconv-lite "0.4.23"
    unpipe "1.0.0"

raw-body@~2.5.3:
  version "2.5.3"
  resolved "https://registry.yarnpkg.com/raw-body/-/raw-body-2.5.3.tgz#11c6650ee770a7de1b494f197927de0c923822e2"
  dependencies:
    bytes "~3.1.2"
    http-errors "~2.0.1"
    iconv-lite "~0.4.24"
    unpipe "~1.0.0"

require-directory@^2.1.1:
  version "2.1.1"
  resolved "https://registry.yarnpkg.com/require-directory/-/require-directory-2.1.1.tgz#8c64ad5fd30dab1c976e2344ffe7f792a6a6df42"

resolve@^1.22.1:
  version "1.22.11"
  resolved "https://registry.yarnpkg.com/resolve/-/resolve-1.22.11.tgz#aad857ce1ffb8bfa9b0b1ac29f1156383f68c262"
  dependencies:
    is-core-module "^2.16.1"
    path-parse "^1.0.7"
    supports-preserve-symlinks-flag "^1.0.0"

retry-as-promised@^7.0.3:
  version "7.0.4"
  resolved "https://registry.yarnpkg.com/retry-as-promised/-/retry-as-promised-7.0.4.tgz#9df73adaeea08cb2948b9d34990549dc13d800a2"

safe-buffer@5.2.1:
  version "5.2.1"
  resolved "https://registry.yarnpkg.com/safe-buffer/-/safe-buffer-5.2.1.tgz#1eaf9fa9bdb1fdd4ec75f58f9cdb4e6b7827eec6"

"safer-buffer@>= 2.1.2 < 3", "safer-buffer@>= 2.1.2 < 3.0.0":
  version "2.1.2"
  resolved "https://registry.yarnpkg.com/safer-buffer/-/safer-buffer-2.1.2.tgz#44fa161b0187b9549dd84bb91802f9bd8385cd6a"

semver@^7.3.5, semver@^7.5.3:
  version "7.7.3"
  resolved "https://registry.yarnpkg.com/semver/-/semver-7.7.3.tgz#4b5f4143d007633a8dc671cd0a6ef9147b8bb946"

send@0.19.0:
  version "0.19.0"
  resolved "https://registry.yarnpkg.com/send/-/send-0.19.0.tgz#bbc5a388c8ea6c048967049dbeac0e4a3f09d7f8"
  dependencies:
    debug "2.6.9"
    depd "2.0.0"
    destroy "1.2.0"
    encodeurl "~1.0.2"
    escape-html "~1.0.3"
    etag "~1.8.1"
    fresh "0.5.2"
    http-errors "2.0.0"
    mime "1.6.0"
    ms "2.1.3"
    on-finished "2.4.1"
    range-parser "~1.2.1"
    statuses "2.0.1"

send@~0.19.0:
  version "0.19.1"
  resolved "https://registry.yarnpkg.com/send/-/send-0.19.1.tgz#1c2563b2ee4fe510b806b21ec46f355005a369f9"
  dependencies:
    debug "2.6.9"
    depd "2.0.0"
    destroy "1.2.0"
    encodeurl "~2.0.0"
    escape-html "~1.0.3"
    etag "~1.8.1"
    fresh "0.5.2"
    http-errors "2.0.0"
    mime "1.6.0"
    ms "2.1.3"
    on-finished "2.4.1"
    range-parser "~1.2.1"
    statuses "2.0.1"

seq-queue@^0.0.5:
  version "0.0.5"
  resolved "https://registry.yarnpkg.com/seq-queue/-/seq-queue-0.0.5.tgz#d56812e1c017a6e4e7c3e3a37a1da6d78dd3c93e"

sequelize-cli@^6.6.3:
  version "6.6.3"
  resolved "https://registry.yarnpkg.com/sequelize-cli/-/sequelize-cli-6.6.3.tgz#faf041e009b6c0d30d84d290e6c4d485ac8cacbd"
  dependencies:
    fs-extra "^9.1.0"
    js-beautify "1.15.4"
    lodash "^4.17.21"
    picocolors "^1.1.1"
    resolve "^1.22.1"
    umzug "^2.3.0"
    yargs "^16.2.0"

sequelize-pool@^7.1.0:
  version "7.1.0"
  resolved "https://registry.yarnpkg.com/sequelize-pool/-/sequelize-pool-7.1.0.tgz#210b391af4002762f823188fd6ecfc7413020768"

sequelize@^6.29.0:
  version "6.29.0"
  resolved "https://registry.yarnpkg.com/sequelize/-/sequelize-6.29.0.tgz#7b8750487adb7502ce8a7005b460d50c8ccc58b7"
  dependencies:
    "@types/debug" "^4.1.7"
    "@types/validator" "^13.7.1"
    debug "^4.3.3"
    dottie "^2.0.2"
    inflection "^1.13.2"
    lodash "^4.17.21"
    moment "^2.29.1"
    moment-timezone "^0.5.35"
    pg-connection-string "^2.5.0"
    retry-as-promised "^7.0.3"
    semver "^7.3.5"
    sequelize-pool "^7.1.0"
    toposort-class "^1.0.1"
    uuid "^8.3.2"
    validator "^13.7.0"
    wkx "^0.5.0"

serve-static@~1.16.2:
  version "1.16.2"
  resolved "https://registry.yarnpkg.com/serve-static/-/serve-static-1.16.2.tgz#b6a5343da47f6bdd2673848bf45754941e803296"
  dependencies:
    encodeurl "~2.0.0"
    escape-html "~1.0.3"
    parseurl "~1.3.3"
    send "0.19.0"

setprototypeof@1.1.0:
  version "1.1.0"
  resolved "https://registry.yarnpkg.com/setprototypeof/-/setprototypeof-1.1.0.tgz#d0bd85536887b6fe7c0d818cb962d9d91c54e656"

setprototypeof@1.2.0, setprototypeof@~1.2.0:
  version "1.2.0"
  resolved "https://registry.yarnpkg.com/setprototypeof/-/setprototypeof-1.2.0.tgz#66c9a24a73f9fc28cbe66b09fed3d33dcaf1b424"

shebang-command@^2.0.0:
  version "2.0.0"
  resolved "https://registry.yarnpkg.com/shebang-command/-/shebang-command-2.0.0.tgz#ccd0af4f8835fbdc265b82461aaf0c36663f34ea"
  dependencies:
    shebang-regex "^3.0.0"

shebang-regex@^3.0.0:
  version "3.0.0"
  resolved "https://registry.yarnpkg.com/shebang-regex/-/shebang-regex-3.0.0.tgz#ae16f1644d873ecad843b0307b143362d4c42172"

side-channel-list@^1.0.0:
  version "1.0.0"
  resolved "https://registry.yarnpkg.com/side-channel-list/-/side-channel-list-1.0.0.tgz#10cb5984263115d3b7a0e336591e290a830af8ad"
  dependencies:
    es-errors "^1.3.0"
    object-inspect "^1.13.3"

side-channel-map@^1.0.1:
  version "1.0.1"
  resolved "https://registry.yarnpkg.com/side-channel-map/-/side-channel-map-1.0.1.tgz#d6bb6b37902c6fef5174e5f533fab4c732a26f42"
  dependencies:
    call-bound "^1.0.2"
    es-errors "^1.3.0"
    get-intrinsic "^1.2.5"
    object-inspect "^1.13.3"

side-channel-weakmap@^1.0.2:
  version "1.0.2"
  resolved "https://registry.yarnpkg.com/side-channel-weakmap/-/side-channel-weakmap-1.0.2.tgz#11dda19d5368e40ce9ec2bdc1fb0ecbc0790ecea"
  dependencies:
    call-bound "^1.0.2"
    es-errors "^1.3.0"
    get-intrinsic "^1.2.5"
    object-inspect "^1.13.3"
    side-channel-map "^1.0.1"

side-channel@^1.1.0:
  version "1.1.0"
  resolved "https://registry.yarnpkg.com/side-channel/-/side-channel-1.1.0.tgz#c3fcff9c4da932784873335ec9765fa94ff66bc9"
  dependencies:
    es-errors "^1.3.0"
    object-inspect "^1.13.3"
    side-channel-list "^1.0.0"
    side-channel-map "^1.0.1"
    side-channel-weakmap "^1.0.2"

signal-exit@^4.0.1:
  version "4.1.0"
  resolved "https://registry.yarnpkg.com/signal-exit/-/signal-exit-4.1.0.tgz#952188c1cbd546070e2dd20d0f41c0ae0530cb04"

sqlstring@^2.3.2:
  version "2.3.3"
  resolved "https://registry.yarnpkg.com/sqlstring/-/sqlstring-2.3.3.tgz#2ddc21f03bce2c387ed60680e739922c65751d0c"

statuses@2.0.1:
  version "2.0.1"
  resolved "https://registry.yarnpkg.com/statuses/-/statuses-2.0.1.tgz#55cb000ccf1d48728bd23c685a063998cf1a1b63"

"statuses@>= 1.4.0 < 2":
  version "1.5.0"
  resolved "https://registry.yarnpkg.com/statuses/-/statuses-1.5.0.tgz#161c7dac177659fd9811f43771fa99381478628c"

statuses@~2.0.1, statuses@~2.0.2:
  version "2.0.2"
  resolved "https://registry.yarnpkg.com/statuses/-/statuses-2.0.2.tgz#8f75eecef765b5e1cfcdc080da59409ed424e382"

"string-width-cjs@npm:string-width@^4.2.0":
  version "4.2.3"
  resolved "https://registry.yarnpkg.com/string-width/-/string-width-4.2.3.tgz#269c7117d27b05ad2e536830a8ec895ef9c6d010"
  dependencies:
    emoji-regex "^8.0.0"
    is-fullwidth-code-point "^3.0.0"
    strip-ansi "^6.0.1"

string-width@^4.1.0, string-width@^4.2.0:
  version "4.2.3"
  resolved "https://registry.yarnpkg.com/string-width/-/string-width-4.2.3.tgz#269c7117d27b05ad2e536830a8ec895ef9c6d010"
  dependencies:
    emoji-regex "^8.0.0"
    is-fullwidth-code-point "^3.0.0"
    strip-ansi "^6.0.1"

string-width@^5.0.1, string-width@^5.1.2:
  version "5.1.2"
  resolved "https://registry.yarnpkg.com/string-width/-/string-width-5.1.2.tgz#14f8daec6d81e7221d2a357e668cab73bdbca794"
  dependencies:
    eastasianwidth "^0.2.0"
    emoji-regex "^9.2.2"
    strip-ansi "^7.0.1"

"strip-ansi-cjs@npm:strip-ansi@^6.0.1":
  version "6.0.1"
  resolved "https://registry.yarnpkg.com/strip-ansi/-/strip-ansi-6.0.1.tgz#9e26c63d30f53443e9489495b2105d37b67a85d9"
  dependencies:
    ansi-regex "^5.0.1"

strip-ansi@^6.0.0, strip-ansi@^6.0.1:
  version "6.0.1"
  resolved "https://registry.yarnpkg.com/strip-ansi/-/strip-ansi-6.0.1.tgz#9e26c63d30f53443e9489495b2105d37b67a85d9"
  dependencies:
    ansi-regex "^5.0.1"

strip-ansi@^7.0.1:
  version "7.1.2"
  resolved "https://registry.yarnpkg.com/strip-ansi/-/strip-ansi-7.1.2.tgz#132875abde678c7ea8d691533f2e7e22bb744dba"
  dependencies:
    ansi-regex "^6.0.1"

supports-preserve-symlinks-flag@^1.0.0:
  version "1.0.0"
  resolved "https://registry.yarnpkg.com/supports-preserve-symlinks-flag/-/supports-preserve-symlinks-flag-1.0.0.tgz#6eda4bd344a3c94aea376d4cc31bc77311039e09"

toidentifier@1.0.1, toidentifier@~1.0.1:
  version "1.0.1"
  resolved "https://registry.yarnpkg.com/toidentifier/-/toidentifier-1.0.1.tgz#3be34321a88a820ed1bd80dfaa33e479fbb8dd35"

toposort-class@^1.0.1:
  version "1.0.1"
  resolved "https://registry.yarnpkg.com/toposort-class/-/toposort-class-1.0.1.tgz#7ffd1f78c8be28c3ba45cd4e1a3f5ee193bd9988"

type-is@~1.6.18:
  version "1.6.18"
  resolved "https://registry.yarnpkg.com/type-is/-/type-is-1.6.18.tgz#4e552cd05df09467dcbc4ef739de89f2cf37c131"
  dependencies:
    media-typer "0.3.0"
    mime-types "~2.1.24"

umzug@^2.3.0:
  version "2.3.0"
  resolved "https://registry.yarnpkg.com/umzug/-/umzug-2.3.0.tgz#0ef42b62df54e216b05dcaf627830a6a8b84a184"
  dependencies:
    bluebird "^3.7.2"

universalify@^2.0.0:
  version "2.0.1"
  resolved "https://registry.yarnpkg.com/universalify/-/universalify-2.0.1.tgz#168efc2180964e6386d061e094df61afe239b18d"

unpipe@1.0.0, unpipe@~1.0.0:
  version "1.0.0"
  resolved "https://registry.yarnpkg.com/unpipe/-/unpipe-1.0.0.tgz#b2bf4ee8514aae6165b4817829d21b2ef49904ec"

utils-merge@1.0.1:
  version "1.0.1"
  resolved "https://registry.yarnpkg.com/utils-merge/-/utils-merge-1.0.1.tgz#9f95710f50a267947b2ccc124741c1028427e713"

uuid@^3.1.0:
  version "3.3.2"
  resolved "https://registry.yarnpkg.com/uuid/-/uuid-3.3.2.tgz#1b4af4955eb3077c501c23872fc6513811587131"

uuid@^8.3.2:
  version "8.3.2"
  resolved "https://registry.yarnpkg.com/uuid/-/uuid-8.3.2.tgz#80d5b5ced271bb9af6c445f21a1a04c606cefbe2"

validator@^13.7.0:
  version "13.15.23"
  resolved "https://registry.yarnpkg.com/validator/-/validator-13.15.23.tgz#59a874f84e4594588e3409ab1edbe64e96d0c62d"

vary@~1.1.2:
  version "1.1.2"
  resolved "https://registry.yarnpkg.com/vary/-/vary-1.1.2.tgz#2299f02c6ded30d4a5961b0b9f74524a18f634fc"

which@^2.0.1:
  version "2.0.2"
  resolved "https://registry.yarnpkg.com/which/-/which-2.0.2.tgz#7c6a8dd0a636a0327e10b59c9286eee93f3f51b1"
  dependencies:
    isexe "^2.0.0"

wkx@^0.5.0:
  version "0.5.0"
  resolved "https://registry.yarnpkg.com/wkx/-/wkx-0.5.0.tgz#c6c37019acf40e517cc6b94657a25a3d4aa33e8c"
  dependencies:
    "@types/node" "*"

"wrap-ansi-cjs@npm:wrap-ansi@^7.0.0":
  version "7.0.0"
  resolved "https://registry.yarnpkg.com/wrap-ansi/-/wrap-ansi-7.0.0.tgz#67e145cff510a6a6984bdf1152911d69d2eb9e43"
  dependencies:
    ansi-styles "^4.0.0"
    string-width "^4.1.0"
    strip-ansi "^6.0.0"

wrap-ansi@^7.0.0:
  version "7.0.0"
  resolved "https://registry.yarnpkg.com/wrap-ansi/-/wrap-ansi-7.0.0.tgz#67e145cff510a6a6984bdf1152911d69d2eb9e43"
  dependencies:
    ansi-styles "^4.0.0"
    string-width "^4.1.0"
    strip-ansi "^6.0.0"

wrap-ansi@^8.1.0:
  version "8.1.0"
  resolved "https://registry.yarnpkg.com/wrap-ansi/-/wrap-ansi-8.1.0.tgz#56dc22368ee570face1b49819975d9b9a5ead214"
  dependencies:
    ansi-styles "^6.1.0"
    string-width "^5.0.1"
    strip-ansi "^7.0.1"

y18n@^5.0.5:
  version "5.0.8"
  resolved "https://registry.yarnpkg.com/y18n/-/y18n-5.0.8.tgz#7f4934d0f7ca8c56f95314939ddcd2dd91ce1d55"

yargs-parser@^20.2.2:
  version "20.2.9"
  resolved "https://registry.yarnpkg.com/yargs-parser/-/yargs-parser-20.2.9.tgz#2eb7dc3b0289718fc295f362753845c41a0c94ee"

yargs@^16.2.0:
  version "16.2.0"
  resolved "https://registry.yarnpkg.com/yargs/-/yargs-16.2.0.tgz#1c82bf0f6b6a66eafce7ef30e376f49a12477f66"
  dependencies:
    cliui "^7.0.2"
    escalade "^3.1.1"
    get-caller-file "^2.0.5"
    require-directory "^2.1.1"
    string-width "^4.2.0"
    y18n "^5.0.5"
    yargs-parser "^20.2.2"

yarn@^1.22.13:
  version "1.22.13"
  resolved "https://registry.yarnpkg.com/yarn/-/yarn-1.22.13.tgz#8789ef23b630fe99b819b044f4b7b93ab1bc1b8f"

zen-observable-ts@^0.8.9:
  version "0.8.9"
  resolved "https://registry.yarnpkg.com/zen-observable-ts/-/zen-observable-ts-0.8.9.tgz#d3c97af08c0afdca37ebcadf7cc3ee96bda9bab1"
  dependencies:
    zen-observable "^0.8.0"

zen-observable@^0.8.0:
  version "0.8.8"
  resolved "https://registry.yarnpkg.com/zen-observable/-/zen-observable-0.8.8.tgz#1ea93995bf098754a58215a1e0a7309e5749ec42"
